// !$*UTF8*$!
{
	archiveVersion = 1;
	classes = {
	};
	objectVersion = 50;
	objects = {

/* Begin PBXBuildFile section */
		1FAE4D942916A0B22B1B529F /* Pods_iOS_AutoTest_DemoTests.framework in Frameworks */ = {isa = PBXBuildFile; fileRef = 7AD6146B7F467ED8B5004016 /* Pods_iOS_AutoTest_DemoTests.framework */; };
		52BA441C57C50DBF12D7F769 /* Pods_iOS_AutoTest_Demo.framework in Frameworks */ = {isa = PBXBuildFile; fileRef = 63F947EC5FA86AC668288E1C /* Pods_iOS_AutoTest_Demo.framework */; };
		AB3590AC830FC63C0D5E18B6 /* Pods_iOS_AutoTest_DemoUITests.framework in Frameworks */ = {isa = PBXBuildFile; fileRef = 7118FCE8B16ED6280D6EF10A /* Pods_iOS_AutoTest_DemoUITests.framework */; };
		E4C9422323026FCC0047E698 /* AppDelegate.swift in Sources */ = {isa = PBXBuildFile; fileRef = E4C9422223026FCC0047E698 /* AppDelegate.swift */; };
		E4C9422523026FCC0047E698 /* ViewController.swift in Sources */ = {isa = PBXBuildFile; fileRef = E4C9422423026FCC0047E698 /* ViewController.swift */; };
		E4C9422823026FCC0047E698 /* Main.storyboard in Resources */ = {isa = PBXBuildFile; fileRef = E4C9422623026FCC0047E698 /* Main.storyboard */; };
		E4C9422A23026FCC0047E698 /* Assets.xcassets in Resources */ = {isa = PBXBuildFile; fileRef = E4C9422923026FCC0047E698 /* Assets.xcassets */; };
		E4C9422D23026FCC0047E698 /* LaunchScreen.storyboard in Resources */ = {isa = PBXBuildFile; fileRef = E4C9422B23026FCC0047E698 /* LaunchScreen.storyboard */; };
		E4C9423823026FCC0047E698 /* iOS_AutoTest_DemoTests.swift in Sources */ = {isa = PBXBuildFile; fileRef = E4C9423723026FCC0047E698 /* iOS_AutoTest_DemoTests.swift */; };
		E4C9424323026FCC0047E698 /* iOS_AutoTest_DemoUITests.swift in Sources */ = {isa = PBXBuildFile; fileRef = E4C9424223026FCC0047E698 /* iOS_AutoTest_DemoUITests.swift */; };
/* End PBXBuildFile section */

/* Begin PBXContainerItemProxy section */
		E4C9423423026FCC0047E698 /* PBXContainerItemProxy */ = {
			isa = PBXContainerItemProxy;
			containerPortal = E4C9421723026FCC0047E698 /* Project object */;
			proxyType = 1;
			remoteGlobalIDString = E4C9421E23026FCC0047E698;
			remoteInfo = "iOS-AutoTest-Demo";
		};
		E4C9423F23026FCC0047E698 /* PBXContainerItemProxy */ = {
			isa = PBXContainerItemProxy;
			containerPortal = E4C9421723026FCC0047E698 /* Project object */;
			proxyType = 1;
			remoteGlobalIDString = E4C9421E23026FCC0047E698;
			remoteInfo = "iOS-AutoTest-Demo";
		};
/* End PBXContainerItemProxy section */

/* Begin PBXFileReference section */
		031A1FFE11898D89E570416F /* Pods-iOS-AutoTest-Demo.release.xcconfig */ = {isa = PBXFileReference; includeInIndex = 1; lastKnownFileType = text.xcconfig; name = "Pods-iOS-AutoTest-Demo.release.xcconfig"; path = "Target Support Files/Pods-iOS-AutoTest-Demo/Pods-iOS-AutoTest-Demo.release.xcconfig"; sourceTree = "<group>"; };
		11B7C6426AF519A220B5C58D /* Pods-iOS-AutoTest-DemoUITests.release.xcconfig */ = {isa = PBXFileReference; includeInIndex = 1; lastKnownFileType = text.xcconfig; name = "Pods-iOS-AutoTest-DemoUITests.release.xcconfig"; path = "Target Support Files/Pods-iOS-AutoTest-DemoUITests/Pods-iOS-AutoTest-DemoUITests.release.xcconfig"; sourceTree = "<group>"; };
		63F947EC5FA86AC668288E1C /* Pods_iOS_AutoTest_Demo.framework */ = {isa = PBXFileReference; explicitFileType = wrapper.framework; includeInIndex = 0; path = Pods_iOS_AutoTest_Demo.framework; sourceTree = BUILT_PRODUCTS_DIR; };
		7118FCE8B16ED6280D6EF10A /* Pods_iOS_AutoTest_DemoUITests.framework */ = {isa = PBXFileReference; explicitFileType = wrapper.framework; includeInIndex = 0; path = Pods_iOS_AutoTest_DemoUITests.framework; sourceTree = BUILT_PRODUCTS_DIR; };
		7AD6146B7F467ED8B5004016 /* Pods_iOS_AutoTest_DemoTests.framework */ = {isa = PBXFileReference; explicitFileType = wrapper.framework; includeInIndex = 0; path = Pods_iOS_AutoTest_DemoTests.framework; sourceTree = BUILT_PRODUCTS_DIR; };
		980CFB4C9C9B2498FC21556C /* Pods-iOS-AutoTest-DemoTests.debug.xcconfig */ = {isa = PBXFileReference; includeInIndex = 1; lastKnownFileType = text.xcconfig; name = "Pods-iOS-AutoTest-DemoTests.debug.xcconfig"; path = "Target Support Files/Pods-iOS-AutoTest-DemoTests/Pods-iOS-AutoTest-DemoTests.debug.xcconfig"; sourceTree = "<group>"; };
		ACB26DC778CCC064804152CE /* Pods-iOS-AutoTest-Demo.debug.xcconfig */ = {isa = PBXFileReference; includeInIndex = 1; lastKnownFileType = text.xcconfig; name = "Pods-iOS-AutoTest-Demo.debug.xcconfig"; path = "Target Support Files/Pods-iOS-AutoTest-Demo/Pods-iOS-AutoTest-Demo.debug.xcconfig"; sourceTree = "<group>"; };
		B58B926B1D02DF199F400283 /* Pods-iOS-AutoTest-DemoTests.release.xcconfig */ = {isa = PBXFileReference; includeInIndex = 1; lastKnownFileType = text.xcconfig; name = "Pods-iOS-AutoTest-DemoTests.release.xcconfig"; path = "Target Support Files/Pods-iOS-AutoTest-DemoTests/Pods-iOS-AutoTest-DemoTests.release.xcconfig"; sourceTree = "<group>"; };
		D0996690BF08A59CD24078F6 /* Pods-iOS-AutoTest-DemoUITests.debug.xcconfig */ = {isa = PBXFileReference; includeInIndex = 1; lastKnownFileType = text.xcconfig; name = "Pods-iOS-AutoTest-DemoUITests.debug.xcconfig"; path = "Target Support Files/Pods-iOS-AutoTest-DemoUITests/Pods-iOS-AutoTest-DemoUITests.debug.xcconfig"; sourceTree = "<group>"; };
		E4C9421F23026FCC0047E698 /* iOS-AutoTest-Demo.app */ = {isa = PBXFileReference; explicitFileType = wrapper.application; includeInIndex = 0; path = "iOS-AutoTest-Demo.app"; sourceTree = BUILT_PRODUCTS_DIR; };
		E4C9422223026FCC0047E698 /* AppDelegate.swift */ = {isa = PBXFileReference; lastKnownFileType = sourcecode.swift; path = AppDelegate.swift; sourceTree = "<group>"; };
		E4C9422423026FCC0047E698 /* ViewController.swift */ = {isa = PBXFileReference; lastKnownFileType = sourcecode.swift; path = ViewController.swift; sourceTree = "<group>"; };
		E4C9422723026FCC0047E698 /* Base */ = {isa = PBXFileReference; lastKnownFileType = file.storyboard; name = Base; path = Base.lproj/Main.storyboard; sourceTree = "<group>"; };
		E4C9422923026FCC0047E698 /* Assets.xcassets */ = {isa = PBXFileReference; lastKnownFileType = folder.assetcatalog; path = Assets.xcassets; sourceTree = "<group>"; };
		E4C9422C23026FCC0047E698 /* Base */ = {isa = PBXFileReference; lastKnownFileType = file.storyboard; name = Base; path = Base.lproj/LaunchScreen.storyboard; sourceTree = "<group>"; };
		E4C9422E23026FCC0047E698 /* Info.plist */ = {isa = PBXFileReference; lastKnownFileType = text.plist.xml; path = Info.plist; sourceTree = "<group>"; };
		E4C9423323026FCC0047E698 /* iOS-AutoTest-DemoTests.xctest */ = {isa = PBXFileReference; explicitFileType = wrapper.cfbundle; includeInIndex = 0; path = "iOS-AutoTest-DemoTests.xctest"; sourceTree = BUILT_PRODUCTS_DIR; };
		E4C9423723026FCC0047E698 /* iOS_AutoTest_DemoTests.swift */ = {isa = PBXFileReference; lastKnownFileType = sourcecode.swift; path = iOS_AutoTest_DemoTests.swift; sourceTree = "<group>"; };
		E4C9423923026FCC0047E698 /* Info.plist */ = {isa = PBXFileReference; lastKnownFileType = text.plist.xml; path = Info.plist; sourceTree = "<group>"; };
		E4C9423E23026FCC0047E698 /* iOS-AutoTest-DemoUITests.xctest */ = {isa = PBXFileReference; explicitFileType = wrapper.cfbundle; includeInIndex = 0; path = "iOS-AutoTest-DemoUITests.xctest"; sourceTree = BUILT_PRODUCTS_DIR; };
		E4C9424223026FCC0047E698 /* iOS_AutoTest_DemoUITests.swift */ = {isa = PBXFileReference; lastKnownFileType = sourcecode.swift; path = iOS_AutoTest_DemoUITests.swift; sourceTree = "<group>"; };
		E4C9424423026FCD0047E698 /* Info.plist */ = {isa = PBXFileReference; lastKnownFileType = text.plist.xml; path = Info.plist; sourceTree = "<group>"; };
/* End PBXFileReference section */

/* Begin PBXFrameworksBuildPhase section */
		E4C9421C23026FCC0047E698 /* Frameworks */ = {
			isa = PBXFrameworksBuildPhase;
			buildActionMask = 2147483647;
			files = (
				52BA441C57C50DBF12D7F769 /* Pods_iOS_AutoTest_Demo.framework in Frameworks */,
			);
			runOnlyForDeploymentPostprocessing = 0;
		};
		E4C9423023026FCC0047E698 /* Frameworks */ = {
			isa = PBXFrameworksBuildPhase;
			buildActionMask = 2147483647;
			files = (
				1FAE4D942916A0B22B1B529F /* Pods_iOS_AutoTest_DemoTests.framework in Frameworks */,
			);
			runOnlyForDeploymentPostprocessing = 0;
		};
		E4C9423B23026FCC0047E698 /* Frameworks */ = {
			isa = PBXFrameworksBuildPhase;
			buildActionMask = 2147483647;
			files = (
				AB3590AC830FC63C0D5E18B6 /* Pods_iOS_AutoTest_DemoUITests.framework in Frameworks */,
			);
			runOnlyForDeploymentPostprocessing = 0;
		};
/* End PBXFrameworksBuildPhase section */

/* Begin PBXGroup section */
		37E652168CFCB58A9CC6DE1A /* Pods */ = {
			isa = PBXGroup;
			children = (
				ACB26DC778CCC064804152CE /* Pods-iOS-AutoTest-Demo.debug.xcconfig */,
				031A1FFE11898D89E570416F /* Pods-iOS-AutoTest-Demo.release.xcconfig */,
				980CFB4C9C9B2498FC21556C /* Pods-iOS-AutoTest-DemoTests.debug.xcconfig */,
				B58B926B1D02DF199F400283 /* Pods-iOS-AutoTest-DemoTests.release.xcconfig */,
				D0996690BF08A59CD24078F6 /* Pods-iOS-AutoTest-DemoUITests.debug.xcconfig */,
				11B7C6426AF519A220B5C58D /* Pods-iOS-AutoTest-DemoUITests.release.xcconfig */,
			);
			name = Pods;
			path = Pods;
			sourceTree = "<group>";
		};
		DE729CAEDD9FB23CFAB09B52 /* Frameworks */ = {
			isa = PBXGroup;
			children = (
				63F947EC5FA86AC668288E1C /* Pods_iOS_AutoTest_Demo.framework */,
				7AD6146B7F467ED8B5004016 /* Pods_iOS_AutoTest_DemoTests.framework */,
				7118FCE8B16ED6280D6EF10A /* Pods_iOS_AutoTest_DemoUITests.framework */,
			);
			name = Frameworks;
			sourceTree = "<group>";
		};
		E4C9421623026FCC0047E698 = {
			isa = PBXGroup;
			children = (
				E4C9422123026FCC0047E698 /* iOS-AutoTest-Demo */,
				E4C9423623026FCC0047E698 /* iOS-AutoTest-DemoTests */,
				E4C9424123026FCC0047E698 /* iOS-AutoTest-DemoUITests */,
				E4C9422023026FCC0047E698 /* Products */,
				37E652168CFCB58A9CC6DE1A /* Pods */,
				DE729CAEDD9FB23CFAB09B52 /* Frameworks */,
			);
			sourceTree = "<group>";
		};
		E4C9422023026FCC0047E698 /* Products */ = {
			isa = PBXGroup;
			children = (
				E4C9421F23026FCC0047E698 /* iOS-AutoTest-Demo.app */,
				E4C9423323026FCC0047E698 /* iOS-AutoTest-DemoTests.xctest */,
				E4C9423E23026FCC0047E698 /* iOS-AutoTest-DemoUITests.xctest */,
			);
			name = Products;
			sourceTree = "<group>";
		};
		E4C9422123026FCC0047E698 /* iOS-AutoTest-Demo */ = {
			isa = PBXGroup;
			children = (
				E4C9422223026FCC0047E698 /* AppDelegate.swift */,
				E4C9422423026FCC0047E698 /* ViewController.swift */,
				E4C9422623026FCC0047E698 /* Main.storyboard */,
				E4C9422923026FCC0047E698 /* Assets.xcassets */,
				E4C9422B23026FCC0047E698 /* LaunchScreen.storyboard */,
				E4C9422E23026FCC0047E698 /* Info.plist */,
			);
			path = "iOS-AutoTest-Demo";
			sourceTree = "<group>";
		};
		E4C9423623026FCC0047E698 /* iOS-AutoTest-DemoTests */ = {
			isa = PBXGroup;
			children = (
				E4C9423723026FCC0047E698 /* iOS_AutoTest_DemoTests.swift */,
				E4C9423923026FCC0047E698 /* Info.plist */,
			);
			path = "iOS-AutoTest-DemoTests";
			sourceTree = "<group>";
		};
		E4C9424123026FCC0047E698 /* iOS-AutoTest-DemoUITests */ = {
			isa = PBXGroup;
			children = (
				E4C9424223026FCC0047E698 /* iOS_AutoTest_DemoUITests.swift */,
				E4C9424423026FCD0047E698 /* Info.plist */,
			);
			path = "iOS-AutoTest-DemoUITests";
			sourceTree = "<group>";
		};
/* End PBXGroup section */

/* Begin PBXNativeTarget section */
		E4C9421E23026FCC0047E698 /* iOS-AutoTest-Demo */ = {
			isa = PBXNativeTarget;
			buildConfigurationList = E4C9424723026FCD0047E698 /* Build configuration list for PBXNativeTarget "iOS-AutoTest-Demo" */;
			buildPhases = (
				8972FDB7B3F58352A80D75C2 /* [CP] Check Pods Manifest.lock */,
				E4C9421B23026FCC0047E698 /* Sources */,
				E4C9421C23026FCC0047E698 /* Frameworks */,
				E4C9421D23026FCC0047E698 /* Resources */,
			);
			buildRules = (
			);
			dependencies = (
			);
			name = "iOS-AutoTest-Demo";
			productName = "iOS-AutoTest-Demo";
			productReference = E4C9421F23026FCC0047E698 /* iOS-AutoTest-Demo.app */;
			productType = "com.apple.product-type.application";
		};
		E4C9423223026FCC0047E698 /* iOS-AutoTest-DemoTests */ = {
			isa = PBXNativeTarget;
			buildConfigurationList = E4C9424A23026FCD0047E698 /* Build configuration list for PBXNativeTarget "iOS-AutoTest-DemoTests" */;
			buildPhases = (
				5367666FC43DE055894EDCAA /* [CP] Check Pods Manifest.lock */,
				E4C9422F23026FCC0047E698 /* Sources */,
				E4C9423023026FCC0047E698 /* Frameworks */,
				E4C9423123026FCC0047E698 /* Resources */,
			);
			buildRules = (
			);
			dependencies = (
				E4C9423523026FCC0047E698 /* PBXTargetDependency */,
			);
			name = "iOS-AutoTest-DemoTests";
			productName = "iOS-AutoTest-DemoTests";
			productReference = E4C9423323026FCC0047E698 /* iOS-AutoTest-DemoTests.xctest */;
			productType = "com.apple.product-type.bundle.unit-test";
		};
		E4C9423D23026FCC0047E698 /* iOS-AutoTest-DemoUITests */ = {
			isa = PBXNativeTarget;
			buildConfigurationList = E4C9424D23026FCD0047E698 /* Build configuration list for PBXNativeTarget "iOS-AutoTest-DemoUITests" */;
			buildPhases = (
				6F3CFB2729B2961915BCC985 /* [CP] Check Pods Manifest.lock */,
				E4C9423A23026FCC0047E698 /* Sources */,
				E4C9423B23026FCC0047E698 /* Frameworks */,
				E4C9423C23026FCC0047E698 /* Resources */,
			);
			buildRules = (
			);
			dependencies = (
				E4C9424023026FCC0047E698 /* PBXTargetDependency */,
			);
			name = "iOS-AutoTest-DemoUITests";
			productName = "iOS-AutoTest-DemoUITests";
			productReference = E4C9423E23026FCC0047E698 /* iOS-AutoTest-DemoUITests.xctest */;
			productType = "com.apple.product-type.bundle.ui-testing";
		};
/* End PBXNativeTarget section */

/* Begin PBXProject section */
		E4C9421723026FCC0047E698 /* Project object */ = {
			isa = PBXProject;
			attributes = {
				LastSwiftUpdateCheck = 1030;
				LastUpgradeCheck = 1030;
				ORGANIZATIONNAME = LMJ;
				TargetAttributes = {
					E4C9421E23026FCC0047E698 = {
						CreatedOnToolsVersion = 10.3;
					};
					E4C9423223026FCC0047E698 = {
						CreatedOnToolsVersion = 10.3;
						TestTargetID = E4C9421E23026FCC0047E698;
					};
					E4C9423D23026FCC0047E698 = {
						CreatedOnToolsVersion = 10.3;
						TestTargetID = E4C9421E23026FCC0047E698;
					};
				};
			};
			buildConfigurationList = E4C9421A23026FCC0047E698 /* Build configuration list for PBXProject "iOS-AutoTest-Demo" */;
			compatibilityVersion = "Xcode 9.3";
			developmentRegion = en;
			hasScannedForEncodings = 0;
			knownRegions = (
				en,
				Base,
			);
			mainGroup = E4C9421623026FCC0047E698;
			productRefGroup = E4C9422023026FCC0047E698 /* Products */;
			projectDirPath = "";
			projectRoot = "";
			targets = (
				E4C9421E23026FCC0047E698 /* iOS-AutoTest-Demo */,
				E4C9423223026FCC0047E698 /* iOS-AutoTest-DemoTests */,
				E4C9423D23026FCC0047E698 /* iOS-AutoTest-DemoUITests */,
			);
		};
/* End PBXProject section */

/* Begin PBXResourcesBuildPhase section */
		E4C9421D23026FCC0047E698 /* Resources */ = {
			isa = PBXResourcesBuildPhase;
			buildActionMask = 2147483647;
			files = (
				E4C9422D23026FCC0047E698 /* LaunchScreen.storyboard in Resources */,
				E4C9422A23026FCC0047E698 /* Assets.xcassets in Resources */,
				E4C9422823026FCC0047E698 /* Main.storyboard in Resources */,
			);
			runOnlyForDeploymentPostprocessing = 0;
		};
		E4C9423123026FCC0047E698 /* Resources */ = {
			isa = PBXResourcesBuildPhase;
			buildActionMask = 2147483647;
			files = (
			);
			runOnlyForDeploymentPostprocessing = 0;
		};
		E4C9423C23026FCC0047E698 /* Resources */ = {
			isa = PBXResourcesBuildPhase;
			buildActionMask = 2147483647;
			files = (
			);
			runOnlyForDeploymentPostprocessing = 0;
		};
/* End PBXResourcesBuildPhase section */

/* Begin PBXShellScriptBuildPhase section */
		5367666FC43DE055894EDCAA /* [CP] Check Pods Manifest.lock */ = {
			isa = PBXShellScriptBuildPhase;
			buildActionMask = 2147483647;
			files = (
			);
			inputFileListPaths = (
			);
			inputPaths = (
				"${PODS_PODFILE_DIR_PATH}/Podfile.lock",
				"${PODS_ROOT}/Manifest.lock",
			);
			name = "[CP] Check Pods Manifest.lock";
			outputFileListPaths = (
			);
			outputPaths = (
				"$(DERIVED_FILE_DIR)/Pods-iOS-AutoTest-DemoTests-checkManifestLockResult.txt",
			);
			runOnlyForDeploymentPostprocessing = 0;
			shellPath = /bin/sh;
			shellScript = "diff \"${PODS_PODFILE_DIR_PATH}/Podfile.lock\" \"${PODS_ROOT}/Manifest.lock\" > /dev/null\nif [ $? != 0 ] ; then\n    # print error to STDERR\n    echo \"error: The sandbox is not in sync with the Podfile.lock. Run 'pod install' or update your CocoaPods installation.\" >&2\n    exit 1\nfi\n# This output is used by Xcode 'outputs' to avoid re-running this script phase.\necho \"SUCCESS\" > \"${SCRIPT_OUTPUT_FILE_0}\"\n";
			showEnvVarsInLog = 0;
		};
		6F3CFB2729B2961915BCC985 /* [CP] Check Pods Manifest.lock */ = {
			isa = PBXShellScriptBuildPhase;
			buildActionMask = 2147483647;
			files = (
			);
			inputFileListPaths = (
			);
			inputPaths = (
				"${PODS_PODFILE_DIR_PATH}/Podfile.lock",
				"${PODS_ROOT}/Manifest.lock",
			);
			name = "[CP] Check Pods Manifest.lock";
			outputFileListPaths = (
			);
			outputPaths = (
				"$(DERIVED_FILE_DIR)/Pods-iOS-AutoTest-DemoUITests-checkManifestLockResult.txt",
			);
			runOnlyForDeploymentPostprocessing = 0;
			shellPath = /bin/sh;
			shellScript = "diff \"${PODS_PODFILE_DIR_PATH}/Podfile.lock\" \"${PODS_ROOT}/Manifest.lock\" > /dev/null\nif [ $? != 0 ] ; then\n    # print error to STDERR\n    echo \"error: The sandbox is not in sync with the Podfile.lock. Run 'pod install' or update your CocoaPods installation.\" >&2\n    exit 1\nfi\n# This output is used by Xcode 'outputs' to avoid re-running this script phase.\necho \"SUCCESS\" > \"${SCRIPT_OUTPUT_FILE_0}\"\n";
			showEnvVarsInLog = 0;
		};
		8972FDB7B3F58352A80D75C2 /* [CP] Check Pods Manifest.lock */ = {
			isa = PBXShellScriptBuildPhase;
			buildActionMask = 2147483647;
			files = (
			);
			inputFileListPaths = (
			);
			inputPaths = (
				"${PODS_PODFILE_DIR_PATH}/Podfile.lock",
				"${PODS_ROOT}/Manifest.lock",
			);
			name = "[CP] Check Pods Manifest.lock";
			outputFileListPaths = (
			);
			outputPaths = (
				"$(DERIVED_FILE_DIR)/Pods-iOS-AutoTest-Demo-checkManifestLockResult.txt",
			);
			runOnlyForDeploymentPostprocessing = 0;
			shellPath = /bin/sh;
			shellScript = "diff \"${PODS_PODFILE_DIR_PATH}/Podfile.lock\" \"${PODS_ROOT}/Manifest.lock\" > /dev/null\nif [ $? != 0 ] ; then\n    # print error to STDERR\n    echo \"error: The sandbox is not in sync with the Podfile.lock. Run 'pod install' or update your CocoaPods installation.\" >&2\n    exit 1\nfi\n# This output is used by Xcode 'outputs' to avoid re-running this script phase.\necho \"SUCCESS\" > \"${SCRIPT_OUTPUT_FILE_0}\"\n";
			showEnvVarsInLog = 0;
		};
/* End PBXShellScriptBuildPhase section */

/* Begin PBXSourcesBuildPhase section */
		E4C9421B23026FCC0047E698 /* Sources */ = {
			isa = PBXSourcesBuildPhase;
			buildActionMask = 2147483647;
			files = (
				E4C9422523026FCC0047E698 /* ViewController.swift in Sources */,
				E4C9422323026FCC0047E698 /* AppDelegate.swift in Sources */,
			);
			runOnlyForDeploymentPostprocessing = 0;
		};
		E4C9422F23026FCC0047E698 /* Sources */ = {
			isa = PBXSourcesBuildPhase;
			buildActionMask = 2147483647;
			files = (
				E4C9423823026FCC0047E698 /* iOS_AutoTest_DemoTests.swift in Sources */,
			);
			runOnlyForDeploymentPostprocessing = 0;
		};
		E4C9423A23026FCC0047E698 /* Sources */ = {
			isa = PBXSourcesBuildPhase;
			buildActionMask = 2147483647;
			files = (
				E4C9424323026FCC0047E698 /* iOS_AutoTest_DemoUITests.swift in Sources */,
			);
			runOnlyForDeploymentPostprocessing = 0;
		};
/* End PBXSourcesBuildPhase section */

/* Begin PBXTargetDependency section */
		E4C9423523026FCC0047E698 /* PBXTargetDependency */ = {
			isa = PBXTargetDependency;
			target = E4C9421E23026FCC0047E698 /* iOS-AutoTest-Demo */;
			targetProxy = E4C9423423026FCC0047E698 /* PBXContainerItemProxy */;
		};
		E4C9424023026FCC0047E698 /* PBXTargetDependency */ = {
			isa = PBXTargetDependency;
			target = E4C9421E23026FCC0047E698 /* iOS-AutoTest-Demo */;
			targetProxy = E4C9423F23026FCC0047E698 /* PBXContainerItemProxy */;
		};
/* End PBXTargetDependency section */

/* Begin PBXVariantGroup section */
		E4C9422623026FCC0047E698 /* Main.storyboard */ = {
			isa = PBXVariantGroup;
			children = (
				E4C9422723026FCC0047E698 /* Base */,
			);
			name = Main.storyboard;
			sourceTree = "<group>";
		};
		E4C9422B23026FCC0047E698 /* LaunchScreen.storyboard */ = {
			isa = PBXVariantGroup;
			children = (
				E4C9422C23026FCC0047E698 /* Base */,
			);
			name = LaunchScreen.storyboard;
			sourceTree = "<group>";
		};
/* End PBXVariantGroup section */

/* Begin XCBuildConfiguration section */
		E4C9424523026FCD0047E698 /* Debug */ = {
			isa = XCBuildConfiguration;
			buildSettings = {
				ALWAYS_SEARCH_USER_PATHS = NO;
				CLANG_ANALYZER_NONNULL = YES;
				CLANG_ANALYZER_NUMBER_OBJECT_CONVERSION = YES_AGGRESSIVE;
				CLANG_CXX_LANGUAGE_STANDARD = "gnu++14";
				CLANG_CXX_LIBRARY = "libc++";
				CLANG_ENABLE_MODULES = YES;
				CLANG_ENABLE_OBJC_ARC = YES;
				CLANG_ENABLE_OBJC_WEAK = YES;
				CLANG_WARN_BLOCK_CAPTURE_AUTORELEASING = YES;
				CLANG_WARN_BOOL_CONVERSION = YES;
				CLANG_WARN_COMMA = YES;
				CLANG_WARN_CONSTANT_CONVERSION = YES;
				CLANG_WARN_DEPRECATED_OBJC_IMPLEMENTATIONS = YES;
				CLANG_WARN_DIRECT_OBJC_ISA_USAGE = YES_ERROR;
				CLANG_WARN_DOCUMENTATION_COMMENTS = YES;
				CLANG_WARN_EMPTY_BODY = YES;
				CLANG_WARN_ENUM_CONVERSION = YES;
				CLANG_WARN_INFINITE_RECURSION = YES;
				CLANG_WARN_INT_CONVERSION = YES;
				CLANG_WARN_NON_LITERAL_NULL_CONVERSION = YES;
				CLANG_WARN_OBJC_IMPLICIT_RETAIN_SELF = YES;
				CLANG_WARN_OBJC_LITERAL_CONVERSION = YES;
				CLANG_WARN_OBJC_ROOT_CLASS = YES_ERROR;
				CLANG_WARN_RANGE_LOOP_ANALYSIS = YES;
				CLANG_WARN_STRICT_PROTOTYPES = YES;
				CLANG_WARN_SUSPICIOUS_MOVE = YES;
				CLANG_WARN_UNGUARDED_AVAILABILITY = YES_AGGRESSIVE;
				CLANG_WARN_UNREACHABLE_CODE = YES;
				CLANG_WARN__DUPLICATE_METHOD_MATCH = YES;
				CODE_SIGN_IDENTITY = "iPhone Developer";
				COPY_PHASE_STRIP = NO;
				DEBUG_INFORMATION_FORMAT = dwarf;
				ENABLE_STRICT_OBJC_MSGSEND = YES;
				ENABLE_TESTABILITY = YES;
				GCC_C_LANGUAGE_STANDARD = gnu11;
				GCC_DYNAMIC_NO_PIC = NO;
				GCC_NO_COMMON_BLOCKS = YES;
				GCC_OPTIMIZATION_LEVEL = 0;
				GCC_PREPROCESSOR_DEFINITIONS = (
					"DEBUG=1",
					"$(inherited)",
				);
				GCC_WARN_64_TO_32_BIT_CONVERSION = YES;
				GCC_WARN_ABOUT_RETURN_TYPE = YES_ERROR;
				GCC_WARN_UNDECLARED_SELECTOR = YES;
				GCC_WARN_UNINITIALIZED_AUTOS = YES_AGGRESSIVE;
				GCC_WARN_UNUSED_FUNCTION = YES;
				GCC_WARN_UNUSED_VARIABLE = YES;
				IPHONEOS_DEPLOYMENT_TARGET = 12.4;
				MTL_ENABLE_DEBUG_INFO = INCLUDE_SOURCE;
				MTL_FAST_MATH = YES;
				ONLY_ACTIVE_ARCH = YES;
				SDKROOT = iphoneos;
				SWIFT_ACTIVE_COMPILATION_CONDITIONS = DEBUG;
				SWIFT_OPTIMIZATION_LEVEL = "-Onone";
			};
			name = Debug;
		};
		E4C9424623026FCD0047E698 /* Release */ = {
			isa = XCBuildConfiguration;
			buildSettings = {
				ALWAYS_SEARCH_USER_PATHS = NO;
				CLANG_ANALYZER_NONNULL = YES;
				CLANG_ANALYZER_NUMBER_OBJECT_CONVERSION = YES_AGGRESSIVE;
				CLANG_CXX_LANGUAGE_STANDARD = "gnu++14";
				CLANG_CXX_LIBRARY = "libc++";
				CLANG_ENABLE_MODULES = YES;
				CLANG_ENABLE_OBJC_ARC = YES;
				CLANG_ENABLE_OBJC_WEAK = YES;
				CLANG_WARN_BLOCK_CAPTURE_AUTORELEASING = YES;
				CLANG_WARN_BOOL_CONVERSION = YES;
				CLANG_WARN_COMMA = YES;
				CLANG_WARN_CONSTANT_CONVERSION = YES;
				CLANG_WARN_DEPRECATED_OBJC_IMPLEMENTATIONS = YES;
				CLANG_WARN_DIRECT_OBJC_ISA_USAGE = YES_ERROR;
				CLANG_WARN_DOCUMENTATION_COMMENTS = YES;
				CLANG_WARN_EMPTY_BODY = YES;
				CLANG_WARN_ENUM_CONVERSION = YES;
				CLANG_WARN_INFINITE_RECURSION = YES;
				CLANG_WARN_INT_CONVERSION = YES;
				CLANG_WARN_NON_LITERAL_NULL_CONVERSION = YES;
				CLANG_WARN_OBJC_IMPLICIT_RETAIN_SELF = YES;
				CLANG_WARN_OBJC_LITERAL_CONVERSION = YES;
				CLANG_WARN_OBJC_ROOT_CLASS = YES_ERROR;
				CLANG_WARN_RANGE_LOOP_ANALYSIS = YES;
				CLANG_WARN_STRICT_PROTOTYPES = YES;
				CLANG_WARN_SUSPICIOUS_MOVE = YES;
				CLANG_WARN_UNGUARDED_AVAILABILITY = YES_AGGRESSIVE;
				CLANG_WARN_UNREACHABLE_CODE = YES;
				CLANG_WARN__DUPLICATE_METHOD_MATCH = YES;
				CODE_SIGN_IDENTITY = "iPhone Developer";
				COPY_PHASE_STRIP = NO;
				DEBUG_INFORMATION_FORMAT = "dwarf-with-dsym";
				ENABLE_NS_ASSERTIONS = NO;
				ENABLE_STRICT_OBJC_MSGSEND = YES;
				GCC_C_LANGUAGE_STANDARD = gnu11;
				GCC_NO_COMMON_BLOCKS = YES;
				GCC_WARN_64_TO_32_BIT_CONVERSION = YES;
				GCC_WARN_ABOUT_RETURN_TYPE = YES_ERROR;
				GCC_WARN_UNDECLARED_SELECTOR = YES;
				GCC_WARN_UNINITIALIZED_AUTOS = YES_AGGRESSIVE;
				GCC_WARN_UNUSED_FUNCTION = YES;
				GCC_WARN_UNUSED_VARIABLE = YES;
				IPHONEOS_DEPLOYMENT_TARGET = 12.4;
				MTL_ENABLE_DEBUG_INFO = NO;
				MTL_FAST_MATH = YES;
				SDKROOT = iphoneos;
				SWIFT_COMPILATION_MODE = wholemodule;
				SWIFT_OPTIMIZATION_LEVEL = "-O";
				VALIDATE_PRODUCT = YES;
			};
			name = Release;
		};
		E4C9424823026FCD0047E698 /* Debug */ = {
			isa = XCBuildConfiguration;
			baseConfigurationReference = ACB26DC778CCC064804152CE /* Pods-iOS-AutoTest-Demo.debug.xcconfig */;
			buildSettings = {
				ASSETCATALOG_COMPILER_APPICON_NAME = AppIcon;
				CODE_SIGN_STYLE = Automatic;
				DEVELOPMENT_TEAM = BEDD2XY992;
				INFOPLIST_FILE = "iOS-AutoTest-Demo/Info.plist";
				LD_RUNPATH_SEARCH_PATHS = (
					"$(inherited)",
					"@executable_path/Frameworks",
				);
				PRODUCT_BUNDLE_IDENTIFIER = "com.LMJ.iOS-AutoTest-Demo";
				PRODUCT_NAME = "$(TARGET_NAME)";
				SWIFT_VERSION = 5.0;
				TARGETED_DEVICE_FAMILY = "1,2";
			};
			name = Debug;
		};
		E4C9424923026FCD0047E698 /* Release */ = {
			isa = XCBuildConfiguration;
			baseConfigurationReference = 031A1FFE11898D89E570416F /* Pods-iOS-AutoTest-Demo.release.xcconfig */;
			buildSettings = {
				ASSETCATALOG_COMPILER_APPICON_NAME = AppIcon;
				CODE_SIGN_STYLE = Automatic;
				DEVELOPMENT_TEAM = BEDD2XY992;
				INFOPLIST_FILE = "iOS-AutoTest-Demo/Info.plist";
				LD_RUNPATH_SEARCH_PATHS = (
					"$(inherited)",
					"@executable_path/Frameworks",
				);
				PRODUCT_BUNDLE_IDENTIFIER = "com.LMJ.iOS-AutoTest-Demo";
				PRODUCT_NAME = "$(TARGET_NAME)";
				SWIFT_VERSION = 5.0;
				TARGETED_DEVICE_FAMILY = "1,2";
			};
			name = Release;
		};
		E4C9424B23026FCD0047E698 /* Debug */ = {
			isa = XCBuildConfiguration;
			baseConfigurationReference = 980CFB4C9C9B2498FC21556C /* Pods-iOS-AutoTest-DemoTests.debug.xcconfig */;
			buildSettings = {
				ALWAYS_EMBED_SWIFT_STANDARD_LIBRARIES = YES;
				BUNDLE_LOADER = "$(TEST_HOST)";
				CODE_SIGN_STYLE = Automatic;
				DEVELOPMENT_TEAM = BEDD2XY992;
				INFOPLIST_FILE = "iOS-AutoTest-DemoTests/Info.plist";
				LD_RUNPATH_SEARCH_PATHS = (
					"$(inherited)",
					"@executable_path/Frameworks",
					"@loader_path/Frameworks",
				);
				PRODUCT_BUNDLE_IDENTIFIER = "com.LMJ.iOS-AutoTest-DemoTests";
				PRODUCT_NAME = "$(TARGET_NAME)";
				SWIFT_VERSION = 5.0;
				TARGETED_DEVICE_FAMILY = "1,2";
				TEST_HOST = "$(BUILT_PRODUCTS_DIR)/iOS-AutoTest-Demo.app/iOS-AutoTest-Demo";
			};
			name = Debug;
		};
		E4C9424C23026FCD0047E698 /* Release */ = {
			isa = XCBuildConfiguration;
			baseConfigurationReference = B58B926B1D02DF199F400283 /* Pods-iOS-AutoTest-DemoTests.release.xcconfig */;
			buildSettings = {
				ALWAYS_EMBED_SWIFT_STANDARD_LIBRARIES = YES;
				BUNDLE_LOADER = "$(TEST_HOST)";
				CODE_SIGN_STYLE = Automatic;
				DEVELOPMENT_TEAM = BEDD2XY992;
				INFOPLIST_FILE = "iOS-AutoTest-DemoTests/Info.plist";
				LD_RUNPATH_SEARCH_PATHS = (
					"$(inherited)",
					"@executable_path/Frameworks",
					"@loader_path/Frameworks",
				);
				PRODUCT_BUNDLE_IDENTIFIER = "com.LMJ.iOS-AutoTest-DemoTests";
				PRODUCT_NAME = "$(TARGET_NAME)";
				SWIFT_VERSION = 5.0;
				TARGETED_DEVICE_FAMILY = "1,2";
				TEST_HOST = "$(BUILT_PRODUCTS_DIR)/iOS-AutoTest-Demo.app/iOS-AutoTest-Demo";
			};
			name = Release;
		};
		E4C9424E23026FCD0047E698 /* Debug */ = {
			isa = XCBuildConfiguration;
			baseConfigurationReference = D0996690BF08A59CD24078F6 /* Pods-iOS-AutoTest-DemoUITests.debug.xcconfig */;
			buildSettings = {
				ALWAYS_EMBED_SWIFT_STANDARD_LIBRARIES = YES;
				CODE_SIGN_STYLE = Automatic;
				DEVELOPMENT_TEAM = BEDD2XY992;
				INFOPLIST_FILE = "iOS-AutoTest-DemoUITests/Info.plist";
				LD_RUNPATH_SEARCH_PATHS = (
					"$(inherited)",
					"@executable_path/Frameworks",
					"@loader_path/Frameworks",
				);
				PRODUCT_BUNDLE_IDENTIFIER = "com.LMJ.iOS-AutoTest-DemoUITests";
				PRODUCT_NAME = "$(TARGET_NAME)";
				SWIFT_VERSION = 5.0;
				TARGETED_DEVICE_FAMILY = "1,2";
				TEST_TARGET_NAME = "iOS-AutoTest-Demo";
			};
			name = Debug;
		};
		E4C9424F23026FCD0047E698 /* Release */ = {
			isa = XCBuildConfiguration;
			baseConfigurationReference = 11B7C6426AF519A220B5C58D /* Pods-iOS-AutoTest-DemoUITests.release.xcconfig */;
			buildSettings = {
				ALWAYS_EMBED_SWIFT_STANDARD_LIBRARIES = YES;
				CODE_SIGN_STYLE = Automatic;
				DEVELOPMENT_TEAM = BEDD2XY992;
				INFOPLIST_FILE = "iOS-AutoTest-DemoUITests/Info.plist";
				LD_RUNPATH_SEARCH_PATHS = (
					"$(inherited)",
					"@executable_path/Frameworks",
					"@loader_path/Frameworks",
				);
				PRODUCT_BUNDLE_IDENTIFIER = "com.LMJ.iOS-AutoTest-DemoUITests";
				PRODUCT_NAME = "$(TARGET_NAME)";
				SWIFT_VERSION = 5.0;
				TARGETED_DEVICE_FAMILY = "1,2";
				TEST_TARGET_NAME = "iOS-AutoTest-Demo";
			};
			name = Release;
		};
/* End XCBuildConfiguration section */

/* Begin XCConfigurationList section */
		E4C9421A23026FCC0047E698 /* Build configuration list for PBXProject "iOS-AutoTest-Demo" */ = {
			isa = XCConfigurationList;
			buildConfigurations = (
				E4C9424523026FCD0047E698 /* Debug */,
				E4C9424623026FCD0047E698 /* Release */,
			);
			defaultConfigurationIsVisible = 0;
			defaultConfigurationName = Release;
		};
		E4C9424723026FCD0047E698 /* Build configuration list for PBXNativeTarget "iOS-AutoTest-Demo" */ = {
			isa = XCConfigurationList;
			buildConfigurations = (
				E4C9424823026FCD0047E698 /* Debug */,
				E4C9424923026FCD0047E698 /* Release */,
			);
			defaultConfigurationIsVisible = 0;
			defaultConfigurationName = Release;
		};
		E4C9424A23026FCD0047E698 /* Build configuration list for PBXNativeTarget "iOS-AutoTest-DemoTests" */ = {
			isa = XCConfigurationList;
			buildConfigurations = (
				E4C9424B23026FCD0047E698 /* Debug */,
				E4C9424C23026FCD0047E698 /* Release */,
			);
			defaultConfigurationIsVisible = 0;
			defaultConfigurationName = Release;
		};
		E4C9424D23026FCD0047E698 /* Build configuration list for PBXNativeTarget "iOS-AutoTest-DemoUITests" */ = {
			isa = XCConfigurationList;
			buildConfigurations = (
				E4C9424E23026FCD0047E698 /* Debug */,
				E4C9424F23026FCD0047E698 /* Release */,
			);
			defaultConfigurationIsVisible = 0;
			defaultConfigurationName = Release;
		};
/* End XCConfigurationList section */
	};
	rootObject = E4C9421723026FCC0047E698 /* Project object */;
}
